
Microsoft Visual Studio Solution File, Format Version 12.00
# Visual Studio Version 17
VisualStudioVersion = 17.13.35806.99 d17.13
MinimumVisualStudioVersion = 10.0.40219.1
Project("{FAE04EC0-301F-11D3-BF4B-00C04F79EFBC}") = "RoomTagAll_AddIn", "RoomTagAll_AddIn.csproj", "{898B2C45-1CF3-488D-8EA2-742C167E653D}"
EndProject
Global
	GlobalSection(SolutionConfigurationPlatforms) = preSolution
		Debug|Any CPU = Debug|Any CPU
		Release|Any CPU = Release|Any CPU
	EndGlobalSection
	GlobalSection(ProjectConfigurationPlatforms) = postSolution
		{898B2C45-1CF3-488D-8EA2-742C167E653D}.Debug|Any CPU.ActiveCfg = Debug|Any CPU
		{898B2C45-1CF3-488D-8EA2-742C167E653D}.Debug|Any CPU.Build.0 = Debug|Any CPU
		{898B2C45-1CF3-488D-8EA2-742C167E653D}.Release|Any CPU.ActiveCfg = Release|Any CPU
		{898B2C45-1CF3-488D-8EA2-742C167E653D}.Release|Any CPU.Build.0 = Release|Any CPU
	EndGlobalSection
	GlobalSection(SolutionProperties) = preSolution
		HideSolutionNode = FALSE
	EndGlobalSection
	GlobalSection(ExtensibilityGlobals) = postSolution
		SolutionGuid = {DF78FC4F-620D-4DB5-9531-E2942F2276C9}
	EndGlobalSection
EndGlobal
